
Microsoft Visual Studio Solution File, Format Version 12.00
# Visual Studio Version 17
VisualStudioVersion = 17.7.34024.191
MinimumVisualStudioVersion = 10.0.40219.1
Project("{9A19103F-16F7-4668-BE54-9A1E7A4F7556}") = "Interface", "SUBE\Interface.csproj", "{5C69EE43-911B-4F82-B48F-11E7ECDC9663}"
EndProject
Project("{9A19103F-16F7-4668-BE54-9A1E7A4F7556}") = "Entities", "Entities\Entities.csproj", "{13672BBD-9381-4C66-A703-E9776EA10893}"
EndProject
Project("{FAE04EC0-301F-11D3-BF4B-00C04F79EFBC}") = "Tests", "Tests\Tests.csproj", "{89048AFB-0AAA-4F04-A5FF-A8E22958C73D}"
EndProject
Global
	GlobalSection(SolutionConfigurationPlatforms) = preSolution
		Debug|Any CPU = Debug|Any CPU
		Release|Any CPU = Release|Any CPU
	EndGlobalSection
	GlobalSection(ProjectConfigurationPlatforms) = postSolution
		{5C69EE43-911B-4F82-B48F-11E7ECDC9663}.Debug|Any CPU.ActiveCfg = Debug|Any CPU
		{5C69EE43-911B-4F82-B48F-11E7ECDC9663}.Debug|Any CPU.Build.0 = Debug|Any CPU
		{5C69EE43-911B-4F82-B48F-11E7ECDC9663}.Release|Any CPU.ActiveCfg = Release|Any CPU
		{5C69EE43-911B-4F82-B48F-11E7ECDC9663}.Release|Any CPU.Build.0 = Release|Any CPU
		{13672BBD-9381-4C66-A703-E9776EA10893}.Debug|Any CPU.ActiveCfg = Debug|Any CPU
		{13672BBD-9381-4C66-A703-E9776EA10893}.Debug|Any CPU.Build.0 = Debug|Any CPU
		{13672BBD-9381-4C66-A703-E9776EA10893}.Release|Any CPU.ActiveCfg = Release|Any CPU
		{13672BBD-9381-4C66-A703-E9776EA10893}.Release|Any CPU.Build.0 = Release|Any CPU
		{89048AFB-0AAA-4F04-A5FF-A8E22958C73D}.Debug|Any CPU.ActiveCfg = Debug|Any CPU
		{89048AFB-0AAA-4F04-A5FF-A8E22958C73D}.Debug|Any CPU.Build.0 = Debug|Any CPU
		{89048AFB-0AAA-4F04-A5FF-A8E22958C73D}.Release|Any CPU.ActiveCfg = Release|Any CPU
		{89048AFB-0AAA-4F04-A5FF-A8E22958C73D}.Release|Any CPU.Build.0 = Release|Any CPU
	EndGlobalSection
	GlobalSection(SolutionProperties) = preSolution
		HideSolutionNode = FALSE
	EndGlobalSection
	GlobalSection(ExtensibilityGlobals) = postSolution
		SolutionGuid = {CC71EAD0-8561-45FC-B253-E6795EF398A7}
	EndGlobalSection
EndGlobal
